
Microsoft Visual Studio Solution File, Format Version 12.00
# Visual Studio Version 17
VisualStudioVersion = 17.2.32630.192
MinimumVisualStudioVersion = 10.0.40219.1
Project("{9A19103F-16F7-4668-BE54-9A1E7A4F7556}") = "Fibonacci", "src\Fibonacci\Fibonacci.csproj", "{C5308EC3-795F-4A84-82B0-D6C6FA0ECEBC}"
EndProject
Project("{2150E333-8FDC-42A3-9474-1A3956D46DE8}") = "Tests", "Tests", "{4B80D81F-FBB7-4568-A777-5E317B4B179E}"
EndProject
Project("{FAE04EC0-301F-11D3-BF4B-00C04F79EFBC}") = "FibonacciTest", "src\Tests\FibonacciTest\FibonacciTest.csproj", "{A14DBCB3-D3E5-4446-9D90-2234CF115EBD}"
EndProject
Global
	GlobalSection(SolutionConfigurationPlatforms) = preSolution
		Debug|Any CPU = Debug|Any CPU
		Release|Any CPU = Release|Any CPU
	EndGlobalSection
	GlobalSection(ProjectConfigurationPlatforms) = postSolution
		{C5308EC3-795F-4A84-82B0-D6C6FA0ECEBC}.Debug|Any CPU.ActiveCfg = Debug|Any CPU
		{C5308EC3-795F-4A84-82B0-D6C6FA0ECEBC}.Debug|Any CPU.Build.0 = Debug|Any CPU
		{C5308EC3-795F-4A84-82B0-D6C6FA0ECEBC}.Release|Any CPU.ActiveCfg = Release|Any CPU
		{C5308EC3-795F-4A84-82B0-D6C6FA0ECEBC}.Release|Any CPU.Build.0 = Release|Any CPU
		{A14DBCB3-D3E5-4446-9D90-2234CF115EBD}.Debug|Any CPU.ActiveCfg = Debug|Any CPU
		{A14DBCB3-D3E5-4446-9D90-2234CF115EBD}.Debug|Any CPU.Build.0 = Debug|Any CPU
		{A14DBCB3-D3E5-4446-9D90-2234CF115EBD}.Release|Any CPU.ActiveCfg = Release|Any CPU
		{A14DBCB3-D3E5-4446-9D90-2234CF115EBD}.Release|Any CPU.Build.0 = Release|Any CPU
	EndGlobalSection
	GlobalSection(SolutionProperties) = preSolution
		HideSolutionNode = FALSE
	EndGlobalSection
	GlobalSection(NestedProjects) = preSolution
		{A14DBCB3-D3E5-4446-9D90-2234CF115EBD} = {4B80D81F-FBB7-4568-A777-5E317B4B179E}
	EndGlobalSection
	GlobalSection(ExtensibilityGlobals) = postSolution
		SolutionGuid = {C4649D5C-EE90-4377-8D7C-ABDC29DCDBE0}
	EndGlobalSection
EndGlobal
